
Microsoft Visual Studio Solution File, Format Version 12.00
# Visual Studio 15
VisualStudioVersion = 15.0.28307.489
MinimumVisualStudioVersion = 10.0.40219.1
Project("{FAE04EC0-301F-11D3-BF4B-00C04F79EFBC}") = "NELBRUS", "NELBRUS\NELBRUS.csproj", "{2997C575-1F2D-457C-B723-FC0880754583}"
EndProject
Global
	GlobalSection(SolutionConfigurationPlatforms) = preSolution
		Debug|Any CPU = Debug|Any CPU
		Release|Any CPU = Release|Any CPU
	EndGlobalSection
	GlobalSection(ProjectConfigurationPlatforms) = postSolution
		{2997C575-1F2D-457C-B723-FC0880754583}.Debug|Any CPU.ActiveCfg = Debug|Any CPU
		{2997C575-1F2D-457C-B723-FC0880754583}.Debug|Any CPU.Build.0 = Debug|Any CPU
		{2997C575-1F2D-457C-B723-FC0880754583}.Release|Any CPU.ActiveCfg = Release|Any CPU
		{2997C575-1F2D-457C-B723-FC0880754583}.Release|Any CPU.Build.0 = Release|Any CPU
	EndGlobalSection
	GlobalSection(SolutionProperties) = preSolution
		HideSolutionNode = FALSE
	EndGlobalSection
	GlobalSection(ExtensibilityGlobals) = postSolution
		SolutionGuid = {4AC4CD58-BAF9-4071-97B3-B23C3735B5C3}
	EndGlobalSection
EndGlobal
